
Microsoft Visual Studio Solution File, Format Version 12.00
# Visual Studio Version 17
VisualStudioVersion = 17.0.32014.148
MinimumVisualStudioVersion = 10.0.40219.1
Project("{FAE04EC0-301F-11D3-BF4B-00C04F79EFBC}") = "Problem38-ProjectEuler", "Problem38-ProjectEuler\Problem38-ProjectEuler.csproj", "{5F1CEC4F-F2F0-47EC-A99C-7C1F7C6E43DE}"
EndProject
Global
	GlobalSection(SolutionConfigurationPlatforms) = preSolution
		Debug|Any CPU = Debug|Any CPU
		Release|Any CPU = Release|Any CPU
	EndGlobalSection
	GlobalSection(ProjectConfigurationPlatforms) = postSolution
		{5F1CEC4F-F2F0-47EC-A99C-7C1F7C6E43DE}.Debug|Any CPU.ActiveCfg = Debug|Any CPU
		{5F1CEC4F-F2F0-47EC-A99C-7C1F7C6E43DE}.Debug|Any CPU.Build.0 = Debug|Any CPU
		{5F1CEC4F-F2F0-47EC-A99C-7C1F7C6E43DE}.Release|Any CPU.ActiveCfg = Release|Any CPU
		{5F1CEC4F-F2F0-47EC-A99C-7C1F7C6E43DE}.Release|Any CPU.Build.0 = Release|Any CPU
	EndGlobalSection
	GlobalSection(SolutionProperties) = preSolution
		HideSolutionNode = FALSE
	EndGlobalSection
	GlobalSection(ExtensibilityGlobals) = postSolution
		SolutionGuid = {0A64FF06-529F-4F19-97C8-CA55B914E4CD}
	EndGlobalSection
EndGlobal
